
Microsoft Visual Studio Solution File, Format Version 12.00
# Visual Studio Version 17
VisualStudioVersion = 17.4.33205.214
MinimumVisualStudioVersion = 10.0.40219.1
Project("{FAE04EC0-301F-11D3-BF4B-00C04F79EFBC}") = "BlobUploadFunction", "BlobUploadFunction\BlobUploadFunction.csproj", "{9DF1D413-69AB-49BB-B5C6-84F68F0BB016}"
EndProject
Global
	GlobalSection(SolutionConfigurationPlatforms) = preSolution
		Debug|Any CPU = Debug|Any CPU
		Release|Any CPU = Release|Any CPU
	EndGlobalSection
	GlobalSection(ProjectConfigurationPlatforms) = postSolution
		{9DF1D413-69AB-49BB-B5C6-84F68F0BB016}.Debug|Any CPU.ActiveCfg = Debug|Any CPU
		{9DF1D413-69AB-49BB-B5C6-84F68F0BB016}.Debug|Any CPU.Build.0 = Debug|Any CPU
		{9DF1D413-69AB-49BB-B5C6-84F68F0BB016}.Release|Any CPU.ActiveCfg = Release|Any CPU
		{9DF1D413-69AB-49BB-B5C6-84F68F0BB016}.Release|Any CPU.Build.0 = Release|Any CPU
	EndGlobalSection
	GlobalSection(SolutionProperties) = preSolution
		HideSolutionNode = FALSE
	EndGlobalSection
	GlobalSection(ExtensibilityGlobals) = postSolution
		SolutionGuid = {133D4BC7-ADC9-44A4-8D2D-F099B80C741D}
	EndGlobalSection
EndGlobal
